
Microsoft Visual Studio Solution File, Format Version 12.00
# Visual Studio Version 16
VisualStudioVersion = 16.0.30413.136
MinimumVisualStudioVersion = 10.0.40219.1
Project("{FAE04EC0-301F-11D3-BF4B-00C04F79EFBC}") = "KamenNuzkyPapir", "KamenNuzkyPapir\KamenNuzkyPapir.csproj", "{B02660E4-2238-4C8B-B4B5-8093275AB16F}"
EndProject
Global
	GlobalSection(SolutionConfigurationPlatforms) = preSolution
		Debug|Any CPU = Debug|Any CPU
		Release|Any CPU = Release|Any CPU
	EndGlobalSection
	GlobalSection(ProjectConfigurationPlatforms) = postSolution
		{B02660E4-2238-4C8B-B4B5-8093275AB16F}.Debug|Any CPU.ActiveCfg = Debug|Any CPU
		{B02660E4-2238-4C8B-B4B5-8093275AB16F}.Debug|Any CPU.Build.0 = Debug|Any CPU
		{B02660E4-2238-4C8B-B4B5-8093275AB16F}.Release|Any CPU.ActiveCfg = Release|Any CPU
		{B02660E4-2238-4C8B-B4B5-8093275AB16F}.Release|Any CPU.Build.0 = Release|Any CPU
	EndGlobalSection
	GlobalSection(SolutionProperties) = preSolution
		HideSolutionNode = FALSE
	EndGlobalSection
	GlobalSection(ExtensibilityGlobals) = postSolution
		SolutionGuid = {C2CC0391-1259-4374-BC0B-3F8DA70B866D}
	EndGlobalSection
EndGlobal
